// !$*UTF8*$!
{
	archiveVersion = 1;
	classes = {
	};
	objectVersion = 56;
	objects = {

/* Begin PBXBuildFile section */
		4572B36729A2D4A00070FDBA /* Driving_LogApp.swift in Sources */ = {isa = PBXBuildFile; fileRef = 4572B36629A2D4A00070FDBA /* Driving_LogApp.swift */; };
		4572B36929A2D4A00070FDBA /* ContentView.swift in Sources */ = {isa = PBXBuildFile; fileRef = 4572B36829A2D4A00070FDBA /* ContentView.swift */; };
		4572B36B29A2D4A10070FDBA /* Assets.xcassets in Resources */ = {isa = PBXBuildFile; fileRef = 4572B36A29A2D4A10070FDBA /* Assets.xcassets */; };
		4572B36F29A2D4A10070FDBA /* Preview Assets.xcassets in Resources */ = {isa = PBXBuildFile; fileRef = 4572B36E29A2D4A10070FDBA /* Preview Assets.xcassets */; };
		4572B37929A2D4A10070FDBA /* Driving_LogTests.swift in Sources */ = {isa = PBXBuildFile; fileRef = 4572B37829A2D4A10070FDBA /* Driving_LogTests.swift */; };
		4572B38329A2D4A10070FDBA /* Driving_LogUITests.swift in Sources */ = {isa = PBXBuildFile; fileRef = 4572B38229A2D4A10070FDBA /* Driving_LogUITests.swift */; };
		4572B38529A2D4A10070FDBA /* Driving_LogUITestsLaunchTests.swift in Sources */ = {isa = PBXBuildFile; fileRef = 4572B38429A2D4A10070FDBA /* Driving_LogUITestsLaunchTests.swift */; };
/* End PBXBuildFile section */

/* Begin PBXContainerItemProxy section */
		4572B37529A2D4A10070FDBA /* PBXContainerItemProxy */ = {
			isa = PBXContainerItemProxy;
			containerPortal = 4572B35B29A2D49F0070FDBA /* Project object */;
			proxyType = 1;
			remoteGlobalIDString = 4572B36229A2D4A00070FDBA;
			remoteInfo = "Driving Log";
		};
		4572B37F29A2D4A10070FDBA /* PBXContainerItemProxy */ = {
			isa = PBXContainerItemProxy;
			containerPortal = 4572B35B29A2D49F0070FDBA /* Project object */;
			proxyType = 1;
			remoteGlobalIDString = 4572B36229A2D4A00070FDBA;
			remoteInfo = "Driving Log";
		};
/* End PBXContainerItemProxy section */

/* Begin PBXFileReference section */
		4572B36329A2D4A00070FDBA /* Driving Log.app */ = {isa = PBXFileReference; explicitFileType = wrapper.application; includeInIndex = 0; path = "Driving Log.app"; sourceTree = BUILT_PRODUCTS_DIR; };
		4572B36629A2D4A00070FDBA /* Driving_LogApp.swift */ = {isa = PBXFileReference; lastKnownFileType = sourcecode.swift; path = Driving_LogApp.swift; sourceTree = "<group>"; };
		4572B36829A2D4A00070FDBA /* ContentView.swift */ = {isa = PBXFileReference; lastKnownFileType = sourcecode.swift; path = ContentView.swift; sourceTree = "<group>"; };
		4572B36A29A2D4A10070FDBA /* Assets.xcassets */ = {isa = PBXFileReference; lastKnownFileType = folder.assetcatalog; path = Assets.xcassets; sourceTree = "<group>"; };
		4572B36C29A2D4A10070FDBA /* Driving_Log.entitlements */ = {isa = PBXFileReference; lastKnownFileType = text.plist.entitlements; path = Driving_Log.entitlements; sourceTree = "<group>"; };
		4572B36E29A2D4A10070FDBA /* Preview Assets.xcassets */ = {isa = PBXFileReference; lastKnownFileType = folder.assetcatalog; path = "Preview Assets.xcassets"; sourceTree = "<group>"; };
		4572B37429A2D4A10070FDBA /* Driving LogTests.xctest */ = {isa = PBXFileReference; explicitFileType = wrapper.cfbundle; includeInIndex = 0; path = "Driving LogTests.xctest"; sourceTree = BUILT_PRODUCTS_DIR; };
		4572B37829A2D4A10070FDBA /* Driving_LogTests.swift */ = {isa = PBXFileReference; lastKnownFileType = sourcecode.swift; path = Driving_LogTests.swift; sourceTree = "<group>"; };
		4572B37E29A2D4A10070FDBA /* Driving LogUITests.xctest */ = {isa = PBXFileReference; explicitFileType = wrapper.cfbundle; includeInIndex = 0; path = "Driving LogUITests.xctest"; sourceTree = BUILT_PRODUCTS_DIR; };
		4572B38229A2D4A10070FDBA /* Driving_LogUITests.swift */ = {isa = PBXFileReference; lastKnownFileType = sourcecode.swift; path = Driving_LogUITests.swift; sourceTree = "<group>"; };
		4572B38429A2D4A10070FDBA /* Driving_LogUITestsLaunchTests.swift */ = {isa = PBXFileReference; lastKnownFileType = sourcecode.swift; path = Driving_LogUITestsLaunchTests.swift; sourceTree = "<group>"; };
/* End PBXFileReference section */

/* Begin PBXFrameworksBuildPhase section */
		4572B36029A2D4A00070FDBA /* Frameworks */ = {
			isa = PBXFrameworksBuildPhase;
			buildActionMask = 2147483647;
			files = (
			);
			runOnlyForDeploymentPostprocessing = 0;
		};
		4572B37129A2D4A10070FDBA /* Frameworks */ = {
			isa = PBXFrameworksBuildPhase;
			buildActionMask = 2147483647;
			files = (
			);
			runOnlyForDeploymentPostprocessing = 0;
		};
		4572B37B29A2D4A10070FDBA /* Frameworks */ = {
			isa = PBXFrameworksBuildPhase;
			buildActionMask = 2147483647;
			files = (
			);
			runOnlyForDeploymentPostprocessing = 0;
		};
/* End PBXFrameworksBuildPhase section */

/* Begin PBXGroup section */
		4572B35A29A2D49F0070FDBA = {
			isa = PBXGroup;
			children = (
				4572B36529A2D4A00070FDBA /* Driving Log */,
				4572B37729A2D4A10070FDBA /* Driving LogTests */,
				4572B38129A2D4A10070FDBA /* Driving LogUITests */,
				4572B36429A2D4A00070FDBA /* Products */,
			);
			sourceTree = "<group>";
		};
		4572B36429A2D4A00070FDBA /* Products */ = {
			isa = PBXGroup;
			children = (
				4572B36329A2D4A00070FDBA /* Driving Log.app */,
				4572B37429A2D4A10070FDBA /* Driving LogTests.xctest */,
				4572B37E29A2D4A10070FDBA /* Driving LogUITests.xctest */,
			);
			name = Products;
			sourceTree = "<group>";
		};
		4572B36529A2D4A00070FDBA /* Driving Log */ = {
			isa = PBXGroup;
			children = (
				4572B36629A2D4A00070FDBA /* Driving_LogApp.swift */,
				4572B36829A2D4A00070FDBA /* ContentView.swift */,
				4572B36A29A2D4A10070FDBA /* Assets.xcassets */,
				4572B36C29A2D4A10070FDBA /* Driving_Log.entitlements */,
				4572B36D29A2D4A10070FDBA /* Preview Content */,
			);
			path = "Driving Log";
			sourceTree = "<group>";
		};
		4572B36D29A2D4A10070FDBA /* Preview Content */ = {
			isa = PBXGroup;
			children = (
				4572B36E29A2D4A10070FDBA /* Preview Assets.xcassets */,
			);
			path = "Preview Content";
			sourceTree = "<group>";
		};
		4572B37729A2D4A10070FDBA /* Driving LogTests */ = {
			isa = PBXGroup;
			children = (
				4572B37829A2D4A10070FDBA /* Driving_LogTests.swift */,
			);
			path = "Driving LogTests";
			sourceTree = "<group>";
		};
		4572B38129A2D4A10070FDBA /* Driving LogUITests */ = {
			isa = PBXGroup;
			children = (
				4572B38229A2D4A10070FDBA /* Driving_LogUITests.swift */,
				4572B38429A2D4A10070FDBA /* Driving_LogUITestsLaunchTests.swift */,
			);
			path = "Driving LogUITests";
			sourceTree = "<group>";
		};
/* End PBXGroup section */

/* Begin PBXNativeTarget section */
		4572B36229A2D4A00070FDBA /* Driving Log */ = {
			isa = PBXNativeTarget;
			buildConfigurationList = 4572B38829A2D4A10070FDBA /* Build configuration list for PBXNativeTarget "Driving Log" */;
			buildPhases = (
				4572B35F29A2D4A00070FDBA /* Sources */,
				4572B36029A2D4A00070FDBA /* Frameworks */,
				4572B36129A2D4A00070FDBA /* Resources */,
			);
			buildRules = (
			);
			dependencies = (
			);
			name = "Driving Log";
			productName = "Driving Log";
			productReference = 4572B36329A2D4A00070FDBA /* Driving Log.app */;
			productType = "com.apple.product-type.application";
		};
		4572B37329A2D4A10070FDBA /* Driving LogTests */ = {
			isa = PBXNativeTarget;
			buildConfigurationList = 4572B38B29A2D4A10070FDBA /* Build configuration list for PBXNativeTarget "Driving LogTests" */;
			buildPhases = (
				4572B37029A2D4A10070FDBA /* Sources */,
				4572B37129A2D4A10070FDBA /* Frameworks */,
				4572B37229A2D4A10070FDBA /* Resources */,
			);
			buildRules = (
			);
			dependencies = (
				4572B37629A2D4A10070FDBA /* PBXTargetDependency */,
			);
			name = "Driving LogTests";
			productName = "Driving LogTests";
			productReference = 4572B37429A2D4A10070FDBA /* Driving LogTests.xctest */;
			productType = "com.apple.product-type.bundle.unit-test";
		};
		4572B37D29A2D4A10070FDBA /* Driving LogUITests */ = {
			isa = PBXNativeTarget;
			buildConfigurationList = 4572B38E29A2D4A10070FDBA /* Build configuration list for PBXNativeTarget "Driving LogUITests" */;
			buildPhases = (
				4572B37A29A2D4A10070FDBA /* Sources */,
				4572B37B29A2D4A10070FDBA /* Frameworks */,
				4572B37C29A2D4A10070FDBA /* Resources */,
			);
			buildRules = (
			);
			dependencies = (
				4572B38029A2D4A10070FDBA /* PBXTargetDependency */,
			);
			name = "Driving LogUITests";
			productName = "Driving LogUITests";
			productReference = 4572B37E29A2D4A10070FDBA /* Driving LogUITests.xctest */;
			productType = "com.apple.product-type.bundle.ui-testing";
		};
/* End PBXNativeTarget section */

/* Begin PBXProject section */
		4572B35B29A2D49F0070FDBA /* Project object */ = {
			isa = PBXProject;
			attributes = {
				BuildIndependentTargetsInParallel = 1;
				LastSwiftUpdateCheck = 1420;
				LastUpgradeCheck = 1420;
				TargetAttributes = {
					4572B36229A2D4A00070FDBA = {
						CreatedOnToolsVersion = 14.2;
					};
					4572B37329A2D4A10070FDBA = {
						CreatedOnToolsVersion = 14.2;
						TestTargetID = 4572B36229A2D4A00070FDBA;
					};
					4572B37D29A2D4A10070FDBA = {
						CreatedOnToolsVersion = 14.2;
						TestTargetID = 4572B36229A2D4A00070FDBA;
					};
				};
			};
			buildConfigurationList = 4572B35E29A2D49F0070FDBA /* Build configuration list for PBXProject "Driving Log" */;
			compatibilityVersion = "Xcode 14.0";
			developmentRegion = en;
			hasScannedForEncodings = 0;
			knownRegions = (
				en,
				Base,
			);
			mainGroup = 4572B35A29A2D49F0070FDBA;
			productRefGroup = 4572B36429A2D4A00070FDBA /* Products */;
			projectDirPath = "";
			projectRoot = "";
			targets = (
				4572B36229A2D4A00070FDBA /* Driving Log */,
				4572B37329A2D4A10070FDBA /* Driving LogTests */,
				4572B37D29A2D4A10070FDBA /* Driving LogUITests */,
			);
		};
/* End PBXProject section */

/* Begin PBXResourcesBuildPhase section */
		4572B36129A2D4A00070FDBA /* Resources */ = {
			isa = PBXResourcesBuildPhase;
			buildActionMask = 2147483647;
			files = (
				4572B36F29A2D4A10070FDBA /* Preview Assets.xcassets in Resources */,
				4572B36B29A2D4A10070FDBA /* Assets.xcassets in Resources */,
			);
			runOnlyForDeploymentPostprocessing = 0;
		};
		4572B37229A2D4A10070FDBA /* Resources */ = {
			isa = PBXResourcesBuildPhase;
			buildActionMask = 2147483647;
			files = (
			);
			runOnlyForDeploymentPostprocessing = 0;
		};
		4572B37C29A2D4A10070FDBA /* Resources */ = {
			isa = PBXResourcesBuildPhase;
			buildActionMask = 2147483647;
			files = (
			);
			runOnlyForDeploymentPostprocessing = 0;
		};
/* End PBXResourcesBuildPhase section */

/* Begin PBXSourcesBuildPhase section */
		4572B35F29A2D4A00070FDBA /* Sources */ = {
			isa = PBXSourcesBuildPhase;
			buildActionMask = 2147483647;
			files = (
				4572B36929A2D4A00070FDBA /* ContentView.swift in Sources */,
				4572B36729A2D4A00070FDBA /* Driving_LogApp.swift in Sources */,
			);
			runOnlyForDeploymentPostprocessing = 0;
		};
		4572B37029A2D4A10070FDBA /* Sources */ = {
			isa = PBXSourcesBuildPhase;
			buildActionMask = 2147483647;
			files = (
				4572B37929A2D4A10070FDBA /* Driving_LogTests.swift in Sources */,
			);
			runOnlyForDeploymentPostprocessing = 0;
		};
		4572B37A29A2D4A10070FDBA /* Sources */ = {
			isa = PBXSourcesBuildPhase;
			buildActionMask = 2147483647;
			files = (
				4572B38329A2D4A10070FDBA /* Driving_LogUITests.swift in Sources */,
				4572B38529A2D4A10070FDBA /* Driving_LogUITestsLaunchTests.swift in Sources */,
			);
			runOnlyForDeploymentPostprocessing = 0;
		};
/* End PBXSourcesBuildPhase section */

/* Begin PBXTargetDependency section */
		4572B37629A2D4A10070FDBA /* PBXTargetDependency */ = {
			isa = PBXTargetDependency;
			target = 4572B36229A2D4A00070FDBA /* Driving Log */;
			targetProxy = 4572B37529A2D4A10070FDBA /* PBXContainerItemProxy */;
		};
		4572B38029A2D4A10070FDBA /* PBXTargetDependency */ = {
			isa = PBXTargetDependency;
			target = 4572B36229A2D4A00070FDBA /* Driving Log */;
			targetProxy = 4572B37F29A2D4A10070FDBA /* PBXContainerItemProxy */;
		};
/* End PBXTargetDependency section */

/* Begin XCBuildConfiguration section */
		4572B38629A2D4A10070FDBA /* Debug */ = {
			isa = XCBuildConfiguration;
			buildSettings = {
				ALWAYS_SEARCH_USER_PATHS = NO;
				CLANG_ANALYZER_NONNULL = YES;
				CLANG_ANALYZER_NUMBER_OBJECT_CONVERSION = YES_AGGRESSIVE;
				CLANG_CXX_LANGUAGE_STANDARD = "gnu++20";
				CLANG_ENABLE_MODULES = YES;
				CLANG_ENABLE_OBJC_ARC = YES;
				CLANG_ENABLE_OBJC_WEAK = YES;
				CLANG_WARN_BLOCK_CAPTURE_AUTORELEASING = YES;
				CLANG_WARN_BOOL_CONVERSION = YES;
				CLANG_WARN_COMMA = YES;
				CLANG_WARN_CONSTANT_CONVERSION = YES;
				CLANG_WARN_DEPRECATED_OBJC_IMPLEMENTATIONS = YES;
				CLANG_WARN_DIRECT_OBJC_ISA_USAGE = YES_ERROR;
				CLANG_WARN_DOCUMENTATION_COMMENTS = YES;
				CLANG_WARN_EMPTY_BODY = YES;
				CLANG_WARN_ENUM_CONVERSION = YES;
				CLANG_WARN_INFINITE_RECURSION = YES;
				CLANG_WARN_INT_CONVERSION = YES;
				CLANG_WARN_NON_LITERAL_NULL_CONVERSION = YES;
				CLANG_WARN_OBJC_IMPLICIT_RETAIN_SELF = YES;
				CLANG_WARN_OBJC_LITERAL_CONVERSION = YES;
				CLANG_WARN_OBJC_ROOT_CLASS = YES_ERROR;
				CLANG_WARN_QUOTED_INCLUDE_IN_FRAMEWORK_HEADER = YES;
				CLANG_WARN_RANGE_LOOP_ANALYSIS = YES;
				CLANG_WARN_STRICT_PROTOTYPES = YES;
				CLANG_WARN_SUSPICIOUS_MOVE = YES;
				CLANG_WARN_UNGUARDED_AVAILABILITY = YES_AGGRESSIVE;
				CLANG_WARN_UNREACHABLE_CODE = YES;
				CLANG_WARN__DUPLICATE_METHOD_MATCH = YES;
				COPY_PHASE_STRIP = NO;
				DEBUG_INFORMATION_FORMAT = dwarf;
				ENABLE_STRICT_OBJC_MSGSEND = YES;
				ENABLE_TESTABILITY = YES;
				GCC_C_LANGUAGE_STANDARD = gnu11;
				GCC_DYNAMIC_NO_PIC = NO;
				GCC_NO_COMMON_BLOCKS = YES;
				GCC_OPTIMIZATION_LEVEL = 0;
				GCC_PREPROCESSOR_DEFINITIONS = (
					"DEBUG=1",
					"$(inherited)",
				);
				GCC_WARN_64_TO_32_BIT_CONVERSION = YES;
				GCC_WARN_ABOUT_RETURN_TYPE = YES_ERROR;
				GCC_WARN_UNDECLARED_SELECTOR = YES;
				GCC_WARN_UNINITIALIZED_AUTOS = YES_AGGRESSIVE;
				GCC_WARN_UNUSED_FUNCTION = YES;
				GCC_WARN_UNUSED_VARIABLE = YES;
				MTL_ENABLE_DEBUG_INFO = INCLUDE_SOURCE;
				MTL_FAST_MATH = YES;
				ONLY_ACTIVE_ARCH = YES;
				SWIFT_ACTIVE_COMPILATION_CONDITIONS = DEBUG;
				SWIFT_OPTIMIZATION_LEVEL = "-Onone";
			};
			name = Debug;
		};
		4572B38729A2D4A10070FDBA /* Release */ = {
			isa = XCBuildConfiguration;
			buildSettings = {
				ALWAYS_SEARCH_USER_PATHS = NO;
				CLANG_ANALYZER_NONNULL = YES;
				CLANG_ANALYZER_NUMBER_OBJECT_CONVERSION = YES_AGGRESSIVE;
				CLANG_CXX_LANGUAGE_STANDARD = "gnu++20";
				CLANG_ENABLE_MODULES = YES;
				CLANG_ENABLE_OBJC_ARC = YES;
				CLANG_ENABLE_OBJC_WEAK = YES;
				CLANG_WARN_BLOCK_CAPTURE_AUTORELEASING = YES;
				CLANG_WARN_BOOL_CONVERSION = YES;
				CLANG_WARN_COMMA = YES;
				CLANG_WARN_CONSTANT_CONVERSION = YES;
				CLANG_WARN_DEPRECATED_OBJC_IMPLEMENTATIONS = YES;
				CLANG_WARN_DIRECT_OBJC_ISA_USAGE = YES_ERROR;
				CLANG_WARN_DOCUMENTATION_COMMENTS = YES;
				CLANG_WARN_EMPTY_BODY = YES;
				CLANG_WARN_ENUM_CONVERSION = YES;
				CLANG_WARN_INFINITE_RECURSION = YES;
				CLANG_WARN_INT_CONVERSION = YES;
				CLANG_WARN_NON_LITERAL_NULL_CONVERSION = YES;
				CLANG_WARN_OBJC_IMPLICIT_RETAIN_SELF = YES;
				CLANG_WARN_OBJC_LITERAL_CONVERSION = YES;
				CLANG_WARN_OBJC_ROOT_CLASS = YES_ERROR;
				CLANG_WARN_QUOTED_INCLUDE_IN_FRAMEWORK_HEADER = YES;
				CLANG_WARN_RANGE_LOOP_ANALYSIS = YES;
				CLANG_WARN_STRICT_PROTOTYPES = YES;
				CLANG_WARN_SUSPICIOUS_MOVE = YES;
				CLANG_WARN_UNGUARDED_AVAILABILITY = YES_AGGRESSIVE;
				CLANG_WARN_UNREACHABLE_CODE = YES;
				CLANG_WARN__DUPLICATE_METHOD_MATCH = YES;
				COPY_PHASE_STRIP = NO;
				DEBUG_INFORMATION_FORMAT = "dwarf-with-dsym";
				ENABLE_NS_ASSERTIONS = NO;
				ENABLE_STRICT_OBJC_MSGSEND = YES;
				GCC_C_LANGUAGE_STANDARD = gnu11;
				GCC_NO_COMMON_BLOCKS = YES;
				GCC_WARN_64_TO_32_BIT_CONVERSION = YES;
				GCC_WARN_ABOUT_RETURN_TYPE = YES_ERROR;
				GCC_WARN_UNDECLARED_SELECTOR = YES;
				GCC_WARN_UNINITIALIZED_AUTOS = YES_AGGRESSIVE;
				GCC_WARN_UNUSED_FUNCTION = YES;
				GCC_WARN_UNUSED_VARIABLE = YES;
				MTL_ENABLE_DEBUG_INFO = NO;
				MTL_FAST_MATH = YES;
				SWIFT_COMPILATION_MODE = wholemodule;
				SWIFT_OPTIMIZATION_LEVEL = "-O";
			};
			name = Release;
		};
		4572B38929A2D4A10070FDBA /* Debug */ = {
			isa = XCBuildConfiguration;
			buildSettings = {
				ASSETCATALOG_COMPILER_APPICON_NAME = AppIcon;
				ASSETCATALOG_COMPILER_GLOBAL_ACCENT_COLOR_NAME = AccentColor;
				CODE_SIGN_ENTITLEMENTS = "Driving Log/Driving_Log.entitlements";
				CODE_SIGN_STYLE = Automatic;
				CURRENT_PROJECT_VERSION = 1;
				DEVELOPMENT_ASSET_PATHS = "\"Driving Log/Preview Content\"";
				ENABLE_PREVIEWS = YES;
				GENERATE_INFOPLIST_FILE = YES;
				"INFOPLIST_KEY_UIApplicationSceneManifest_Generation[sdk=iphoneos*]" = YES;
				"INFOPLIST_KEY_UIApplicationSceneManifest_Generation[sdk=iphonesimulator*]" = YES;
				"INFOPLIST_KEY_UIApplicationSupportsIndirectInputEvents[sdk=iphoneos*]" = YES;
				"INFOPLIST_KEY_UIApplicationSupportsIndirectInputEvents[sdk=iphonesimulator*]" = YES;
				"INFOPLIST_KEY_UILaunchScreen_Generation[sdk=iphoneos*]" = YES;
				"INFOPLIST_KEY_UILaunchScreen_Generation[sdk=iphonesimulator*]" = YES;
				"INFOPLIST_KEY_UIStatusBarStyle[sdk=iphoneos*]" = UIStatusBarStyleDefault;
				"INFOPLIST_KEY_UIStatusBarStyle[sdk=iphonesimulator*]" = UIStatusBarStyleDefault;
				INFOPLIST_KEY_UISupportedInterfaceOrientations_iPad = "UIInterfaceOrientationPortrait UIInterfaceOrientationPortraitUpsideDown UIInterfaceOrientationLandscapeLeft UIInterfaceOrientationLandscapeRight";
				INFOPLIST_KEY_UISupportedInterfaceOrientations_iPhone = "UIInterfaceOrientationPortrait UIInterfaceOrientationLandscapeLeft UIInterfaceOrientationLandscapeRight";
				IPHONEOS_DEPLOYMENT_TARGET = 16.2;
				LD_RUNPATH_SEARCH_PATHS = "@executable_path/Frameworks";
				"LD_RUNPATH_SEARCH_PATHS[sdk=macosx*]" = "@executable_path/../Frameworks";
				MACOSX_DEPLOYMENT_TARGET = 13.0;
				MARKETING_VERSION = 1.0;
				PRODUCT_BUNDLE_IDENTIFIER = "Chip-Thrasher.Driving-Log";
				PRODUCT_NAME = "$(TARGET_NAME)";
				SDKROOT = auto;
				SUPPORTED_PLATFORMS = "iphoneos iphonesimulator macosx";
				SWIFT_EMIT_LOC_STRINGS = YES;
				SWIFT_VERSION = 5.0;
				TARGETED_DEVICE_FAMILY = "1,2";
			};
			name = Debug;
		};
		4572B38A29A2D4A10070FDBA /* Release */ = {
			isa = XCBuildConfiguration;
			buildSettings = {
				ASSETCATALOG_COMPILER_APPICON_NAME = AppIcon;
				ASSETCATALOG_COMPILER_GLOBAL_ACCENT_COLOR_NAME = AccentColor;
				CODE_SIGN_ENTITLEMENTS = "Driving Log/Driving_Log.entitlements";
				CODE_SIGN_STYLE = Automatic;
				CURRENT_PROJECT_VERSION = 1;
				DEVELOPMENT_ASSET_PATHS = "\"Driving Log/Preview Content\"";
				ENABLE_PREVIEWS = YES;
				GENERATE_INFOPLIST_FILE = YES;
				"INFOPLIST_KEY_UIApplicationSceneManifest_Generation[sdk=iphoneos*]" = YES;
				"INFOPLIST_KEY_UIApplicationSceneManifest_Generation[sdk=iphonesimulator*]" = YES;
				"INFOPLIST_KEY_UIApplicationSupportsIndirectInputEvents[sdk=iphoneos*]" = YES;
				"INFOPLIST_KEY_UIApplicationSupportsIndirectInputEvents[sdk=iphonesimulator*]" = YES;
				"INFOPLIST_KEY_UILaunchScreen_Generation[sdk=iphoneos*]" = YES;
				"INFOPLIST_KEY_UILaunchScreen_Generation[sdk=iphonesimulator*]" = YES;
				"INFOPLIST_KEY_UIStatusBarStyle[sdk=iphoneos*]" = UIStatusBarStyleDefault;
				"INFOPLIST_KEY_UIStatusBarStyle[sdk=iphonesimulator*]" = UIStatusBarStyleDefault;
				INFOPLIST_KEY_UISupportedInterfaceOrientations_iPad = "UIInterfaceOrientationPortrait UIInterfaceOrientationPortraitUpsideDown UIInterfaceOrientationLandscapeLeft UIInterfaceOrientationLandscapeRight";
				INFOPLIST_KEY_UISupportedInterfaceOrientations_iPhone = "UIInterfaceOrientationPortrait UIInterfaceOrientationLandscapeLeft UIInterfaceOrientationLandscapeRight";
				IPHONEOS_DEPLOYMENT_TARGET = 16.2;
				LD_RUNPATH_SEARCH_PATHS = "@executable_path/Frameworks";
				"LD_RUNPATH_SEARCH_PATHS[sdk=macosx*]" = "@executable_path/../Frameworks";
				MACOSX_DEPLOYMENT_TARGET = 13.0;
				MARKETING_VERSION = 1.0;
				PRODUCT_BUNDLE_IDENTIFIER = "Chip-Thrasher.Driving-Log";
				PRODUCT_NAME = "$(TARGET_NAME)";
				SDKROOT = auto;
				SUPPORTED_PLATFORMS = "iphoneos iphonesimulator macosx";
				SWIFT_EMIT_LOC_STRINGS = YES;
				SWIFT_VERSION = 5.0;
				TARGETED_DEVICE_FAMILY = "1,2";
			};
			name = Release;
		};
		4572B38C29A2D4A10070FDBA /* Debug */ = {
			isa = XCBuildConfiguration;
			buildSettings = {
				ALWAYS_EMBED_SWIFT_STANDARD_LIBRARIES = YES;
				BUNDLE_LOADER = "$(TEST_HOST)";
				CODE_SIGN_STYLE = Automatic;
				CURRENT_PROJECT_VERSION = 1;
				GENERATE_INFOPLIST_FILE = YES;
				IPHONEOS_DEPLOYMENT_TARGET = 16.2;
				MACOSX_DEPLOYMENT_TARGET = 13.0;
				MARKETING_VERSION = 1.0;
				PRODUCT_BUNDLE_IDENTIFIER = "Chip-Thrasher.Driving-LogTests";
				PRODUCT_NAME = "$(TARGET_NAME)";
				SDKROOT = auto;
				SUPPORTED_PLATFORMS = "iphoneos iphonesimulator macosx";
				SWIFT_EMIT_LOC_STRINGS = NO;
				SWIFT_VERSION = 5.0;
				TARGETED_DEVICE_FAMILY = "1,2";
				TEST_HOST = "$(BUILT_PRODUCTS_DIR)/Driving Log.app/$(BUNDLE_EXECUTABLE_FOLDER_PATH)/Driving Log";
			};
			name = Debug;
		};
		4572B38D29A2D4A10070FDBA /* Release */ = {
			isa = XCBuildConfiguration;
			buildSettings = {
				ALWAYS_EMBED_SWIFT_STANDARD_LIBRARIES = YES;
				BUNDLE_LOADER = "$(TEST_HOST)";
				CODE_SIGN_STYLE = Automatic;
				CURRENT_PROJECT_VERSION = 1;
				GENERATE_INFOPLIST_FILE = YES;
				IPHONEOS_DEPLOYMENT_TARGET = 16.2;
				MACOSX_DEPLOYMENT_TARGET = 13.0;
				MARKETING_VERSION = 1.0;
				PRODUCT_BUNDLE_IDENTIFIER = "Chip-Thrasher.Driving-LogTests";
				PRODUCT_NAME = "$(TARGET_NAME)";
				SDKROOT = auto;
				SUPPORTED_PLATFORMS = "iphoneos iphonesimulator macosx";
				SWIFT_EMIT_LOC_STRINGS = NO;
				SWIFT_VERSION = 5.0;
				TARGETED_DEVICE_FAMILY = "1,2";
				TEST_HOST = "$(BUILT_PRODUCTS_DIR)/Driving Log.app/$(BUNDLE_EXECUTABLE_FOLDER_PATH)/Driving Log";
			};
			name = Release;
		};
		4572B38F29A2D4A10070FDBA /* Debug */ = {
			isa = XCBuildConfiguration;
			buildSettings = {
				ALWAYS_EMBED_SWIFT_STANDARD_LIBRARIES = YES;
				CODE_SIGN_STYLE = Automatic;
				CURRENT_PROJECT_VERSION = 1;
				GENERATE_INFOPLIST_FILE = YES;
				IPHONEOS_DEPLOYMENT_TARGET = 16.2;
				MACOSX_DEPLOYMENT_TARGET = 13.0;
				MARKETING_VERSION = 1.0;
				PRODUCT_BUNDLE_IDENTIFIER = "Chip-Thrasher.Driving-LogUITests";
				PRODUCT_NAME = "$(TARGET_NAME)";
				SDKROOT = auto;
				SUPPORTED_PLATFORMS = "iphoneos iphonesimulator macosx";
				SWIFT_EMIT_LOC_STRINGS = NO;
				SWIFT_VERSION = 5.0;
				TARGETED_DEVICE_FAMILY = "1,2";
				TEST_TARGET_NAME = "Driving Log";
			};
			name = Debug;
		};
		4572B39029A2D4A10070FDBA /* Release */ = {
			isa = XCBuildConfiguration;
			buildSettings = {
				ALWAYS_EMBED_SWIFT_STANDARD_LIBRARIES = YES;
				CODE_SIGN_STYLE = Automatic;
				CURRENT_PROJECT_VERSION = 1;
				GENERATE_INFOPLIST_FILE = YES;
				IPHONEOS_DEPLOYMENT_TARGET = 16.2;
				MACOSX_DEPLOYMENT_TARGET = 13.0;
				MARKETING_VERSION = 1.0;
				PRODUCT_BUNDLE_IDENTIFIER = "Chip-Thrasher.Driving-LogUITests";
				PRODUCT_NAME = "$(TARGET_NAME)";
				SDKROOT = auto;
				SUPPORTED_PLATFORMS = "iphoneos iphonesimulator macosx";
				SWIFT_EMIT_LOC_STRINGS = NO;
				SWIFT_VERSION = 5.0;
				TARGETED_DEVICE_FAMILY = "1,2";
				TEST_TARGET_NAME = "Driving Log";
			};
			name = Release;
		};
/* End XCBuildConfiguration section */

/* Begin XCConfigurationList section */
		4572B35E29A2D49F0070FDBA /* Build configuration list for PBXProject "Driving Log" */ = {
			isa = XCConfigurationList;
			buildConfigurations = (
				4572B38629A2D4A10070FDBA /* Debug */,
				4572B38729A2D4A10070FDBA /* Release */,
			);
			defaultConfigurationIsVisible = 0;
			defaultConfigurationName = Release;
		};
		4572B38829A2D4A10070FDBA /* Build configuration list for PBXNativeTarget "Driving Log" */ = {
			isa = XCConfigurationList;
			buildConfigurations = (
				4572B38929A2D4A10070FDBA /* Debug */,
				4572B38A29A2D4A10070FDBA /* Release */,
			);
			defaultConfigurationIsVisible = 0;
			defaultConfigurationName = Release;
		};
		4572B38B29A2D4A10070FDBA /* Build configuration list for PBXNativeTarget "Driving LogTests" */ = {
			isa = XCConfigurationList;
			buildConfigurations = (
				4572B38C29A2D4A10070FDBA /* Debug */,
				4572B38D29A2D4A10070FDBA /* Release */,
			);
			defaultConfigurationIsVisible = 0;
			defaultConfigurationName = Release;
		};
		4572B38E29A2D4A10070FDBA /* Build configuration list for PBXNativeTarget "Driving LogUITests" */ = {
			isa = XCConfigurationList;
			buildConfigurations = (
				4572B38F29A2D4A10070FDBA /* Debug */,
				4572B39029A2D4A10070FDBA /* Release */,
			);
			defaultConfigurationIsVisible = 0;
			defaultConfigurationName = Release;
		};
/* End XCConfigurationList section */
	};
	rootObject = 4572B35B29A2D49F0070FDBA /* Project object */;
}
