// !$*UTF8*$!
{
	archiveVersion = 1;
	classes = {
	};
	objectVersion = 56;
	objects = {

/* Begin PBXBuildFile section */
		45A210E629A2D960005EA11A /* Driving_LogApp.swift in Sources */ = {isa = PBXBuildFile; fileRef = 45A210E529A2D960005EA11A /* Driving_LogApp.swift */; };
		45A210E829A2D960005EA11A /* ContentView.swift in Sources */ = {isa = PBXBuildFile; fileRef = 45A210E729A2D960005EA11A /* ContentView.swift */; };
		45A210EA29A2D962005EA11A /* Assets.xcassets in Resources */ = {isa = PBXBuildFile; fileRef = 45A210E929A2D962005EA11A /* Assets.xcassets */; };
		45A210ED29A2D962005EA11A /* Preview Assets.xcassets in Resources */ = {isa = PBXBuildFile; fileRef = 45A210EC29A2D962005EA11A /* Preview Assets.xcassets */; };
		45A210F729A2D962005EA11A /* Driving_LogTests.swift in Sources */ = {isa = PBXBuildFile; fileRef = 45A210F629A2D962005EA11A /* Driving_LogTests.swift */; };
		45A2110129A2D962005EA11A /* Driving_LogUITests.swift in Sources */ = {isa = PBXBuildFile; fileRef = 45A2110029A2D962005EA11A /* Driving_LogUITests.swift */; };
		45A2110329A2D962005EA11A /* Driving_LogUITestsLaunchTests.swift in Sources */ = {isa = PBXBuildFile; fileRef = 45A2110229A2D962005EA11A /* Driving_LogUITestsLaunchTests.swift */; };
/* End PBXBuildFile section */

/* Begin PBXContainerItemProxy section */
		45A210F329A2D962005EA11A /* PBXContainerItemProxy */ = {
			isa = PBXContainerItemProxy;
			containerPortal = 45A210DA29A2D960005EA11A /* Project object */;
			proxyType = 1;
			remoteGlobalIDString = 45A210E129A2D960005EA11A;
			remoteInfo = "Driving Log";
		};
		45A210FD29A2D962005EA11A /* PBXContainerItemProxy */ = {
			isa = PBXContainerItemProxy;
			containerPortal = 45A210DA29A2D960005EA11A /* Project object */;
			proxyType = 1;
			remoteGlobalIDString = 45A210E129A2D960005EA11A;
			remoteInfo = "Driving Log";
		};
/* End PBXContainerItemProxy section */

/* Begin PBXFileReference section */
		45A210E229A2D960005EA11A /* Driving Log.app */ = {isa = PBXFileReference; explicitFileType = wrapper.application; includeInIndex = 0; path = "Driving Log.app"; sourceTree = BUILT_PRODUCTS_DIR; };
		45A210E529A2D960005EA11A /* Driving_LogApp.swift */ = {isa = PBXFileReference; lastKnownFileType = sourcecode.swift; path = Driving_LogApp.swift; sourceTree = "<group>"; };
		45A210E729A2D960005EA11A /* ContentView.swift */ = {isa = PBXFileReference; lastKnownFileType = sourcecode.swift; path = ContentView.swift; sourceTree = "<group>"; };
		45A210E929A2D962005EA11A /* Assets.xcassets */ = {isa = PBXFileReference; lastKnownFileType = folder.assetcatalog; path = Assets.xcassets; sourceTree = "<group>"; };
		45A210EC29A2D962005EA11A /* Preview Assets.xcassets */ = {isa = PBXFileReference; lastKnownFileType = folder.assetcatalog; path = "Preview Assets.xcassets"; sourceTree = "<group>"; };
		45A210F229A2D962005EA11A /* Driving LogTests.xctest */ = {isa = PBXFileReference; explicitFileType = wrapper.cfbundle; includeInIndex = 0; path = "Driving LogTests.xctest"; sourceTree = BUILT_PRODUCTS_DIR; };
		45A210F629A2D962005EA11A /* Driving_LogTests.swift */ = {isa = PBXFileReference; lastKnownFileType = sourcecode.swift; path = Driving_LogTests.swift; sourceTree = "<group>"; };
		45A210FC29A2D962005EA11A /* Driving LogUITests.xctest */ = {isa = PBXFileReference; explicitFileType = wrapper.cfbundle; includeInIndex = 0; path = "Driving LogUITests.xctest"; sourceTree = BUILT_PRODUCTS_DIR; };
		45A2110029A2D962005EA11A /* Driving_LogUITests.swift */ = {isa = PBXFileReference; lastKnownFileType = sourcecode.swift; path = Driving_LogUITests.swift; sourceTree = "<group>"; };
		45A2110229A2D962005EA11A /* Driving_LogUITestsLaunchTests.swift */ = {isa = PBXFileReference; lastKnownFileType = sourcecode.swift; path = Driving_LogUITestsLaunchTests.swift; sourceTree = "<group>"; };
/* End PBXFileReference section */

/* Begin PBXFrameworksBuildPhase section */
		45A210DF29A2D960005EA11A /* Frameworks */ = {
			isa = PBXFrameworksBuildPhase;
			buildActionMask = 2147483647;
			files = (
			);
			runOnlyForDeploymentPostprocessing = 0;
		};
		45A210EF29A2D962005EA11A /* Frameworks */ = {
			isa = PBXFrameworksBuildPhase;
			buildActionMask = 2147483647;
			files = (
			);
			runOnlyForDeploymentPostprocessing = 0;
		};
		45A210F929A2D962005EA11A /* Frameworks */ = {
			isa = PBXFrameworksBuildPhase;
			buildActionMask = 2147483647;
			files = (
			);
			runOnlyForDeploymentPostprocessing = 0;
		};
/* End PBXFrameworksBuildPhase section */

/* Begin PBXGroup section */
		45A210D929A2D960005EA11A = {
			isa = PBXGroup;
			children = (
				45A210E429A2D960005EA11A /* Driving Log */,
				45A210F529A2D962005EA11A /* Driving LogTests */,
				45A210FF29A2D962005EA11A /* Driving LogUITests */,
				45A210E329A2D960005EA11A /* Products */,
			);
			sourceTree = "<group>";
		};
		45A210E329A2D960005EA11A /* Products */ = {
			isa = PBXGroup;
			children = (
				45A210E229A2D960005EA11A /* Driving Log.app */,
				45A210F229A2D962005EA11A /* Driving LogTests.xctest */,
				45A210FC29A2D962005EA11A /* Driving LogUITests.xctest */,
			);
			name = Products;
			sourceTree = "<group>";
		};
		45A210E429A2D960005EA11A /* Driving Log */ = {
			isa = PBXGroup;
			children = (
				45A210E529A2D960005EA11A /* Driving_LogApp.swift */,
				45A210E729A2D960005EA11A /* ContentView.swift */,
				45A210E929A2D962005EA11A /* Assets.xcassets */,
				45A210EB29A2D962005EA11A /* Preview Content */,
			);
			path = "Driving Log";
			sourceTree = "<group>";
		};
		45A210EB29A2D962005EA11A /* Preview Content */ = {
			isa = PBXGroup;
			children = (
				45A210EC29A2D962005EA11A /* Preview Assets.xcassets */,
			);
			path = "Preview Content";
			sourceTree = "<group>";
		};
		45A210F529A2D962005EA11A /* Driving LogTests */ = {
			isa = PBXGroup;
			children = (
				45A210F629A2D962005EA11A /* Driving_LogTests.swift */,
			);
			path = "Driving LogTests";
			sourceTree = "<group>";
		};
		45A210FF29A2D962005EA11A /* Driving LogUITests */ = {
			isa = PBXGroup;
			children = (
				45A2110029A2D962005EA11A /* Driving_LogUITests.swift */,
				45A2110229A2D962005EA11A /* Driving_LogUITestsLaunchTests.swift */,
			);
			path = "Driving LogUITests";
			sourceTree = "<group>";
		};
/* End PBXGroup section */

/* Begin PBXNativeTarget section */
		45A210E129A2D960005EA11A /* Driving Log */ = {
			isa = PBXNativeTarget;
			buildConfigurationList = 45A2110629A2D962005EA11A /* Build configuration list for PBXNativeTarget "Driving Log" */;
			buildPhases = (
				45A210DE29A2D960005EA11A /* Sources */,
				45A210DF29A2D960005EA11A /* Frameworks */,
				45A210E029A2D960005EA11A /* Resources */,
			);
			buildRules = (
			);
			dependencies = (
			);
			name = "Driving Log";
			productName = "Driving Log";
			productReference = 45A210E229A2D960005EA11A /* Driving Log.app */;
			productType = "com.apple.product-type.application";
		};
		45A210F129A2D962005EA11A /* Driving LogTests */ = {
			isa = PBXNativeTarget;
			buildConfigurationList = 45A2110929A2D962005EA11A /* Build configuration list for PBXNativeTarget "Driving LogTests" */;
			buildPhases = (
				45A210EE29A2D962005EA11A /* Sources */,
				45A210EF29A2D962005EA11A /* Frameworks */,
				45A210F029A2D962005EA11A /* Resources */,
			);
			buildRules = (
			);
			dependencies = (
				45A210F429A2D962005EA11A /* PBXTargetDependency */,
			);
			name = "Driving LogTests";
			productName = "Driving LogTests";
			productReference = 45A210F229A2D962005EA11A /* Driving LogTests.xctest */;
			productType = "com.apple.product-type.bundle.unit-test";
		};
		45A210FB29A2D962005EA11A /* Driving LogUITests */ = {
			isa = PBXNativeTarget;
			buildConfigurationList = 45A2110C29A2D962005EA11A /* Build configuration list for PBXNativeTarget "Driving LogUITests" */;
			buildPhases = (
				45A210F829A2D962005EA11A /* Sources */,
				45A210F929A2D962005EA11A /* Frameworks */,
				45A210FA29A2D962005EA11A /* Resources */,
			);
			buildRules = (
			);
			dependencies = (
				45A210FE29A2D962005EA11A /* PBXTargetDependency */,
			);
			name = "Driving LogUITests";
			productName = "Driving LogUITests";
			productReference = 45A210FC29A2D962005EA11A /* Driving LogUITests.xctest */;
			productType = "com.apple.product-type.bundle.ui-testing";
		};
/* End PBXNativeTarget section */

/* Begin PBXProject section */
		45A210DA29A2D960005EA11A /* Project object */ = {
			isa = PBXProject;
			attributes = {
				BuildIndependentTargetsInParallel = 1;
				LastSwiftUpdateCheck = 1420;
				LastUpgradeCheck = 1420;
				TargetAttributes = {
					45A210E129A2D960005EA11A = {
						CreatedOnToolsVersion = 14.2;
					};
					45A210F129A2D962005EA11A = {
						CreatedOnToolsVersion = 14.2;
						TestTargetID = 45A210E129A2D960005EA11A;
					};
					45A210FB29A2D962005EA11A = {
						CreatedOnToolsVersion = 14.2;
						TestTargetID = 45A210E129A2D960005EA11A;
					};
				};
			};
			buildConfigurationList = 45A210DD29A2D960005EA11A /* Build configuration list for PBXProject "Driving Log" */;
			compatibilityVersion = "Xcode 14.0";
			developmentRegion = en;
			hasScannedForEncodings = 0;
			knownRegions = (
				en,
				Base,
			);
			mainGroup = 45A210D929A2D960005EA11A;
			productRefGroup = 45A210E329A2D960005EA11A /* Products */;
			projectDirPath = "";
			projectRoot = "";
			targets = (
				45A210E129A2D960005EA11A /* Driving Log */,
				45A210F129A2D962005EA11A /* Driving LogTests */,
				45A210FB29A2D962005EA11A /* Driving LogUITests */,
			);
		};
/* End PBXProject section */

/* Begin PBXResourcesBuildPhase section */
		45A210E029A2D960005EA11A /* Resources */ = {
			isa = PBXResourcesBuildPhase;
			buildActionMask = 2147483647;
			files = (
				45A210ED29A2D962005EA11A /* Preview Assets.xcassets in Resources */,
				45A210EA29A2D962005EA11A /* Assets.xcassets in Resources */,
			);
			runOnlyForDeploymentPostprocessing = 0;
		};
		45A210F029A2D962005EA11A /* Resources */ = {
			isa = PBXResourcesBuildPhase;
			buildActionMask = 2147483647;
			files = (
			);
			runOnlyForDeploymentPostprocessing = 0;
		};
		45A210FA29A2D962005EA11A /* Resources */ = {
			isa = PBXResourcesBuildPhase;
			buildActionMask = 2147483647;
			files = (
			);
			runOnlyForDeploymentPostprocessing = 0;
		};
/* End PBXResourcesBuildPhase section */

/* Begin PBXSourcesBuildPhase section */
		45A210DE29A2D960005EA11A /* Sources */ = {
			isa = PBXSourcesBuildPhase;
			buildActionMask = 2147483647;
			files = (
				45A210E829A2D960005EA11A /* ContentView.swift in Sources */,
				45A210E629A2D960005EA11A /* Driving_LogApp.swift in Sources */,
			);
			runOnlyForDeploymentPostprocessing = 0;
		};
		45A210EE29A2D962005EA11A /* Sources */ = {
			isa = PBXSourcesBuildPhase;
			buildActionMask = 2147483647;
			files = (
				45A210F729A2D962005EA11A /* Driving_LogTests.swift in Sources */,
			);
			runOnlyForDeploymentPostprocessing = 0;
		};
		45A210F829A2D962005EA11A /* Sources */ = {
			isa = PBXSourcesBuildPhase;
			buildActionMask = 2147483647;
			files = (
				45A2110129A2D962005EA11A /* Driving_LogUITests.swift in Sources */,
				45A2110329A2D962005EA11A /* Driving_LogUITestsLaunchTests.swift in Sources */,
			);
			runOnlyForDeploymentPostprocessing = 0;
		};
/* End PBXSourcesBuildPhase section */

/* Begin PBXTargetDependency section */
		45A210F429A2D962005EA11A /* PBXTargetDependency */ = {
			isa = PBXTargetDependency;
			target = 45A210E129A2D960005EA11A /* Driving Log */;
			targetProxy = 45A210F329A2D962005EA11A /* PBXContainerItemProxy */;
		};
		45A210FE29A2D962005EA11A /* PBXTargetDependency */ = {
			isa = PBXTargetDependency;
			target = 45A210E129A2D960005EA11A /* Driving Log */;
			targetProxy = 45A210FD29A2D962005EA11A /* PBXContainerItemProxy */;
		};
/* End PBXTargetDependency section */

/* Begin XCBuildConfiguration section */
		45A2110429A2D962005EA11A /* Debug */ = {
			isa = XCBuildConfiguration;
			buildSettings = {
				ALWAYS_SEARCH_USER_PATHS = NO;
				CLANG_ANALYZER_NONNULL = YES;
				CLANG_ANALYZER_NUMBER_OBJECT_CONVERSION = YES_AGGRESSIVE;
				CLANG_CXX_LANGUAGE_STANDARD = "gnu++20";
				CLANG_ENABLE_MODULES = YES;
				CLANG_ENABLE_OBJC_ARC = YES;
				CLANG_ENABLE_OBJC_WEAK = YES;
				CLANG_WARN_BLOCK_CAPTURE_AUTORELEASING = YES;
				CLANG_WARN_BOOL_CONVERSION = YES;
				CLANG_WARN_COMMA = YES;
				CLANG_WARN_CONSTANT_CONVERSION = YES;
				CLANG_WARN_DEPRECATED_OBJC_IMPLEMENTATIONS = YES;
				CLANG_WARN_DIRECT_OBJC_ISA_USAGE = YES_ERROR;
				CLANG_WARN_DOCUMENTATION_COMMENTS = YES;
				CLANG_WARN_EMPTY_BODY = YES;
				CLANG_WARN_ENUM_CONVERSION = YES;
				CLANG_WARN_INFINITE_RECURSION = YES;
				CLANG_WARN_INT_CONVERSION = YES;
				CLANG_WARN_NON_LITERAL_NULL_CONVERSION = YES;
				CLANG_WARN_OBJC_IMPLICIT_RETAIN_SELF = YES;
				CLANG_WARN_OBJC_LITERAL_CONVERSION = YES;
				CLANG_WARN_OBJC_ROOT_CLASS = YES_ERROR;
				CLANG_WARN_QUOTED_INCLUDE_IN_FRAMEWORK_HEADER = YES;
				CLANG_WARN_RANGE_LOOP_ANALYSIS = YES;
				CLANG_WARN_STRICT_PROTOTYPES = YES;
				CLANG_WARN_SUSPICIOUS_MOVE = YES;
				CLANG_WARN_UNGUARDED_AVAILABILITY = YES_AGGRESSIVE;
				CLANG_WARN_UNREACHABLE_CODE = YES;
				CLANG_WARN__DUPLICATE_METHOD_MATCH = YES;
				COPY_PHASE_STRIP = NO;
				DEBUG_INFORMATION_FORMAT = dwarf;
				ENABLE_STRICT_OBJC_MSGSEND = YES;
				ENABLE_TESTABILITY = YES;
				GCC_C_LANGUAGE_STANDARD = gnu11;
				GCC_DYNAMIC_NO_PIC = NO;
				GCC_NO_COMMON_BLOCKS = YES;
				GCC_OPTIMIZATION_LEVEL = 0;
				GCC_PREPROCESSOR_DEFINITIONS = (
					"DEBUG=1",
					"$(inherited)",
				);
				GCC_WARN_64_TO_32_BIT_CONVERSION = YES;
				GCC_WARN_ABOUT_RETURN_TYPE = YES_ERROR;
				GCC_WARN_UNDECLARED_SELECTOR = YES;
				GCC_WARN_UNINITIALIZED_AUTOS = YES_AGGRESSIVE;
				GCC_WARN_UNUSED_FUNCTION = YES;
				GCC_WARN_UNUSED_VARIABLE = YES;
				IPHONEOS_DEPLOYMENT_TARGET = 16.2;
				MTL_ENABLE_DEBUG_INFO = INCLUDE_SOURCE;
				MTL_FAST_MATH = YES;
				ONLY_ACTIVE_ARCH = YES;
				SDKROOT = iphoneos;
				SWIFT_ACTIVE_COMPILATION_CONDITIONS = DEBUG;
				SWIFT_OPTIMIZATION_LEVEL = "-Onone";
			};
			name = Debug;
		};
		45A2110529A2D962005EA11A /* Release */ = {
			isa = XCBuildConfiguration;
			buildSettings = {
				ALWAYS_SEARCH_USER_PATHS = NO;
				CLANG_ANALYZER_NONNULL = YES;
				CLANG_ANALYZER_NUMBER_OBJECT_CONVERSION = YES_AGGRESSIVE;
				CLANG_CXX_LANGUAGE_STANDARD = "gnu++20";
				CLANG_ENABLE_MODULES = YES;
				CLANG_ENABLE_OBJC_ARC = YES;
				CLANG_ENABLE_OBJC_WEAK = YES;
				CLANG_WARN_BLOCK_CAPTURE_AUTORELEASING = YES;
				CLANG_WARN_BOOL_CONVERSION = YES;
				CLANG_WARN_COMMA = YES;
				CLANG_WARN_CONSTANT_CONVERSION = YES;
				CLANG_WARN_DEPRECATED_OBJC_IMPLEMENTATIONS = YES;
				CLANG_WARN_DIRECT_OBJC_ISA_USAGE = YES_ERROR;
				CLANG_WARN_DOCUMENTATION_COMMENTS = YES;
				CLANG_WARN_EMPTY_BODY = YES;
				CLANG_WARN_ENUM_CONVERSION = YES;
				CLANG_WARN_INFINITE_RECURSION = YES;
				CLANG_WARN_INT_CONVERSION = YES;
				CLANG_WARN_NON_LITERAL_NULL_CONVERSION = YES;
				CLANG_WARN_OBJC_IMPLICIT_RETAIN_SELF = YES;
				CLANG_WARN_OBJC_LITERAL_CONVERSION = YES;
				CLANG_WARN_OBJC_ROOT_CLASS = YES_ERROR;
				CLANG_WARN_QUOTED_INCLUDE_IN_FRAMEWORK_HEADER = YES;
				CLANG_WARN_RANGE_LOOP_ANALYSIS = YES;
				CLANG_WARN_STRICT_PROTOTYPES = YES;
				CLANG_WARN_SUSPICIOUS_MOVE = YES;
				CLANG_WARN_UNGUARDED_AVAILABILITY = YES_AGGRESSIVE;
				CLANG_WARN_UNREACHABLE_CODE = YES;
				CLANG_WARN__DUPLICATE_METHOD_MATCH = YES;
				COPY_PHASE_STRIP = NO;
				DEBUG_INFORMATION_FORMAT = "dwarf-with-dsym";
				ENABLE_NS_ASSERTIONS = NO;
				ENABLE_STRICT_OBJC_MSGSEND = YES;
				GCC_C_LANGUAGE_STANDARD = gnu11;
				GCC_NO_COMMON_BLOCKS = YES;
				GCC_WARN_64_TO_32_BIT_CONVERSION = YES;
				GCC_WARN_ABOUT_RETURN_TYPE = YES_ERROR;
				GCC_WARN_UNDECLARED_SELECTOR = YES;
				GCC_WARN_UNINITIALIZED_AUTOS = YES_AGGRESSIVE;
				GCC_WARN_UNUSED_FUNCTION = YES;
				GCC_WARN_UNUSED_VARIABLE = YES;
				IPHONEOS_DEPLOYMENT_TARGET = 16.2;
				MTL_ENABLE_DEBUG_INFO = NO;
				MTL_FAST_MATH = YES;
				SDKROOT = iphoneos;
				SWIFT_COMPILATION_MODE = wholemodule;
				SWIFT_OPTIMIZATION_LEVEL = "-O";
				VALIDATE_PRODUCT = YES;
			};
			name = Release;
		};
		45A2110729A2D962005EA11A /* Debug */ = {
			isa = XCBuildConfiguration;
			buildSettings = {
				ASSETCATALOG_COMPILER_APPICON_NAME = AppIcon;
				ASSETCATALOG_COMPILER_GLOBAL_ACCENT_COLOR_NAME = AccentColor;
				CODE_SIGN_STYLE = Automatic;
				CURRENT_PROJECT_VERSION = 1;
				DEVELOPMENT_ASSET_PATHS = "\"Driving Log/Preview Content\"";
				ENABLE_PREVIEWS = YES;
				GENERATE_INFOPLIST_FILE = YES;
				INFOPLIST_KEY_UIApplicationSceneManifest_Generation = YES;
				INFOPLIST_KEY_UIApplicationSupportsIndirectInputEvents = YES;
				INFOPLIST_KEY_UILaunchScreen_Generation = YES;
				INFOPLIST_KEY_UISupportedInterfaceOrientations_iPad = "UIInterfaceOrientationPortrait UIInterfaceOrientationPortraitUpsideDown UIInterfaceOrientationLandscapeLeft UIInterfaceOrientationLandscapeRight";
				INFOPLIST_KEY_UISupportedInterfaceOrientations_iPhone = "UIInterfaceOrientationPortrait UIInterfaceOrientationLandscapeLeft UIInterfaceOrientationLandscapeRight";
				LD_RUNPATH_SEARCH_PATHS = (
					"$(inherited)",
					"@executable_path/Frameworks",
				);
				MARKETING_VERSION = 1.0;
				PRODUCT_BUNDLE_IDENTIFIER = "chipthrasher.Driving-Log";
				PRODUCT_NAME = "$(TARGET_NAME)";
				SWIFT_EMIT_LOC_STRINGS = YES;
				SWIFT_VERSION = 5.0;
				TARGETED_DEVICE_FAMILY = "1,2";
			};
			name = Debug;
		};
		45A2110829A2D962005EA11A /* Release */ = {
			isa = XCBuildConfiguration;
			buildSettings = {
				ASSETCATALOG_COMPILER_APPICON_NAME = AppIcon;
				ASSETCATALOG_COMPILER_GLOBAL_ACCENT_COLOR_NAME = AccentColor;
				CODE_SIGN_STYLE = Automatic;
				CURRENT_PROJECT_VERSION = 1;
				DEVELOPMENT_ASSET_PATHS = "\"Driving Log/Preview Content\"";
				ENABLE_PREVIEWS = YES;
				GENERATE_INFOPLIST_FILE = YES;
				INFOPLIST_KEY_UIApplicationSceneManifest_Generation = YES;
				INFOPLIST_KEY_UIApplicationSupportsIndirectInputEvents = YES;
				INFOPLIST_KEY_UILaunchScreen_Generation = YES;
				INFOPLIST_KEY_UISupportedInterfaceOrientations_iPad = "UIInterfaceOrientationPortrait UIInterfaceOrientationPortraitUpsideDown UIInterfaceOrientationLandscapeLeft UIInterfaceOrientationLandscapeRight";
				INFOPLIST_KEY_UISupportedInterfaceOrientations_iPhone = "UIInterfaceOrientationPortrait UIInterfaceOrientationLandscapeLeft UIInterfaceOrientationLandscapeRight";
				LD_RUNPATH_SEARCH_PATHS = (
					"$(inherited)",
					"@executable_path/Frameworks",
				);
				MARKETING_VERSION = 1.0;
				PRODUCT_BUNDLE_IDENTIFIER = "chipthrasher.Driving-Log";
				PRODUCT_NAME = "$(TARGET_NAME)";
				SWIFT_EMIT_LOC_STRINGS = YES;
				SWIFT_VERSION = 5.0;
				TARGETED_DEVICE_FAMILY = "1,2";
			};
			name = Release;
		};
		45A2110A29A2D962005EA11A /* Debug */ = {
			isa = XCBuildConfiguration;
			buildSettings = {
				ALWAYS_EMBED_SWIFT_STANDARD_LIBRARIES = YES;
				BUNDLE_LOADER = "$(TEST_HOST)";
				CODE_SIGN_STYLE = Automatic;
				CURRENT_PROJECT_VERSION = 1;
				GENERATE_INFOPLIST_FILE = YES;
				IPHONEOS_DEPLOYMENT_TARGET = 16.2;
				MARKETING_VERSION = 1.0;
				PRODUCT_BUNDLE_IDENTIFIER = "chipthrasher.Driving-LogTests";
				PRODUCT_NAME = "$(TARGET_NAME)";
				SWIFT_EMIT_LOC_STRINGS = NO;
				SWIFT_VERSION = 5.0;
				TARGETED_DEVICE_FAMILY = "1,2";
				TEST_HOST = "$(BUILT_PRODUCTS_DIR)/Driving Log.app/$(BUNDLE_EXECUTABLE_FOLDER_PATH)/Driving Log";
			};
			name = Debug;
		};
		45A2110B29A2D962005EA11A /* Release */ = {
			isa = XCBuildConfiguration;
			buildSettings = {
				ALWAYS_EMBED_SWIFT_STANDARD_LIBRARIES = YES;
				BUNDLE_LOADER = "$(TEST_HOST)";
				CODE_SIGN_STYLE = Automatic;
				CURRENT_PROJECT_VERSION = 1;
				GENERATE_INFOPLIST_FILE = YES;
				IPHONEOS_DEPLOYMENT_TARGET = 16.2;
				MARKETING_VERSION = 1.0;
				PRODUCT_BUNDLE_IDENTIFIER = "chipthrasher.Driving-LogTests";
				PRODUCT_NAME = "$(TARGET_NAME)";
				SWIFT_EMIT_LOC_STRINGS = NO;
				SWIFT_VERSION = 5.0;
				TARGETED_DEVICE_FAMILY = "1,2";
				TEST_HOST = "$(BUILT_PRODUCTS_DIR)/Driving Log.app/$(BUNDLE_EXECUTABLE_FOLDER_PATH)/Driving Log";
			};
			name = Release;
		};
		45A2110D29A2D962005EA11A /* Debug */ = {
			isa = XCBuildConfiguration;
			buildSettings = {
				ALWAYS_EMBED_SWIFT_STANDARD_LIBRARIES = YES;
				CODE_SIGN_STYLE = Automatic;
				CURRENT_PROJECT_VERSION = 1;
				GENERATE_INFOPLIST_FILE = YES;
				MARKETING_VERSION = 1.0;
				PRODUCT_BUNDLE_IDENTIFIER = "chipthrasher.Driving-LogUITests";
				PRODUCT_NAME = "$(TARGET_NAME)";
				SWIFT_EMIT_LOC_STRINGS = NO;
				SWIFT_VERSION = 5.0;
				TARGETED_DEVICE_FAMILY = "1,2";
				TEST_TARGET_NAME = "Driving Log";
			};
			name = Debug;
		};
		45A2110E29A2D962005EA11A /* Release */ = {
			isa = XCBuildConfiguration;
			buildSettings = {
				ALWAYS_EMBED_SWIFT_STANDARD_LIBRARIES = YES;
				CODE_SIGN_STYLE = Automatic;
				CURRENT_PROJECT_VERSION = 1;
				GENERATE_INFOPLIST_FILE = YES;
				MARKETING_VERSION = 1.0;
				PRODUCT_BUNDLE_IDENTIFIER = "chipthrasher.Driving-LogUITests";
				PRODUCT_NAME = "$(TARGET_NAME)";
				SWIFT_EMIT_LOC_STRINGS = NO;
				SWIFT_VERSION = 5.0;
				TARGETED_DEVICE_FAMILY = "1,2";
				TEST_TARGET_NAME = "Driving Log";
			};
			name = Release;
		};
/* End XCBuildConfiguration section */

/* Begin XCConfigurationList section */
		45A210DD29A2D960005EA11A /* Build configuration list for PBXProject "Driving Log" */ = {
			isa = XCConfigurationList;
			buildConfigurations = (
				45A2110429A2D962005EA11A /* Debug */,
				45A2110529A2D962005EA11A /* Release */,
			);
			defaultConfigurationIsVisible = 0;
			defaultConfigurationName = Release;
		};
		45A2110629A2D962005EA11A /* Build configuration list for PBXNativeTarget "Driving Log" */ = {
			isa = XCConfigurationList;
			buildConfigurations = (
				45A2110729A2D962005EA11A /* Debug */,
				45A2110829A2D962005EA11A /* Release */,
			);
			defaultConfigurationIsVisible = 0;
			defaultConfigurationName = Release;
		};
		45A2110929A2D962005EA11A /* Build configuration list for PBXNativeTarget "Driving LogTests" */ = {
			isa = XCConfigurationList;
			buildConfigurations = (
				45A2110A29A2D962005EA11A /* Debug */,
				45A2110B29A2D962005EA11A /* Release */,
			);
			defaultConfigurationIsVisible = 0;
			defaultConfigurationName = Release;
		};
		45A2110C29A2D962005EA11A /* Build configuration list for PBXNativeTarget "Driving LogUITests" */ = {
			isa = XCConfigurationList;
			buildConfigurations = (
				45A2110D29A2D962005EA11A /* Debug */,
				45A2110E29A2D962005EA11A /* Release */,
			);
			defaultConfigurationIsVisible = 0;
			defaultConfigurationName = Release;
		};
/* End XCConfigurationList section */
	};
	rootObject = 45A210DA29A2D960005EA11A /* Project object */;
}
